
Microsoft Visual Studio Solution File, Format Version 12.00
# Visual Studio Version 17
VisualStudioVersion = 17.0.31903.59
MinimumVisualStudioVersion = 10.0.40219.1
Project("{FAE04EC0-301F-11D3-BF4B-00C04F79EFBC}") = "AowEmailWrapper", "..\Projects\AowEmailWrapper\AowEmailWrapper.csproj", "{E3734195-96D6-4EDA-BB48-829088C25E5B}"
EndProject
Project("{FAE04EC0-301F-11D3-BF4B-00C04F79EFBC}") = "EricDaugherty.CSES", "..\Projects\EricDaugherty.CSES\EricDaugherty.CSES.csproj", "{783B9F33-5FDC-47D4-B399-D3C5C0658A79}"
EndProject
Project("{FAE04EC0-301F-11D3-BF4B-00C04F79EFBC}") = "FlimFlan.IconEncoder", "..\Projects\FlimFlan.IconEncoder\FlimFlan.IconEncoder.csproj", "{D7B47B4A-5702-4020-AF09-47DFE98A26DF}"
EndProject
Project("{FAE04EC0-301F-11D3-BF4B-00C04F79EFBC}") = "Mozilla.Autoconfig", "..\Projects\Mozilla.Autoconfig\Mozilla.Autoconfig.csproj", "{709AFC72-75A3-42D6-99C6-B57D42DDB9D7}"
EndProject
Project("{FAE04EC0-301F-11D3-BF4B-00C04F79EFBC}") = "zlib.net", "..\Projects\Zlib\zlib.net.csproj", "{DFB8C472-A23D-45FF-AD4A-A9335D1CEF92}"
EndProject
Project("{FAE04EC0-301F-11D3-BF4B-00C04F79EFBC}") = "AowEmailWrapper.Tests", "..\Tests\AowEmailWrapper.Tests\AowEmailWrapper.Tests.csproj", "{B516E5D8-D4BA-47D0-B3B4-4636BE377393}"
EndProject
Global
	GlobalSection(SolutionConfigurationPlatforms) = preSolution
		Debug|Any CPU = Debug|Any CPU
		Release|Any CPU = Release|Any CPU
	EndGlobalSection
	GlobalSection(SolutionProperties) = preSolution
		HideSolutionNode = FALSE
	EndGlobalSection
	GlobalSection(ProjectConfigurationPlatforms) = postSolution
		{E3734195-96D6-4EDA-BB48-829088C25E5B}.Debug|Any CPU.ActiveCfg = Debug|Any CPU
		{E3734195-96D6-4EDA-BB48-829088C25E5B}.Debug|Any CPU.Build.0 = Debug|Any CPU
		{E3734195-96D6-4EDA-BB48-829088C25E5B}.Release|Any CPU.ActiveCfg = Release|Any CPU
		{E3734195-96D6-4EDA-BB48-829088C25E5B}.Release|Any CPU.Build.0 = Release|Any CPU
		{783B9F33-5FDC-47D4-B399-D3C5C0658A79}.Debug|Any CPU.ActiveCfg = Debug|Any CPU
		{783B9F33-5FDC-47D4-B399-D3C5C0658A79}.Debug|Any CPU.Build.0 = Debug|Any CPU
		{783B9F33-5FDC-47D4-B399-D3C5C0658A79}.Release|Any CPU.ActiveCfg = Release|Any CPU
		{783B9F33-5FDC-47D4-B399-D3C5C0658A79}.Release|Any CPU.Build.0 = Release|Any CPU
		{D7B47B4A-5702-4020-AF09-47DFE98A26DF}.Debug|Any CPU.ActiveCfg = Debug|Any CPU
		{D7B47B4A-5702-4020-AF09-47DFE98A26DF}.Debug|Any CPU.Build.0 = Debug|Any CPU
		{D7B47B4A-5702-4020-AF09-47DFE98A26DF}.Release|Any CPU.ActiveCfg = Release|Any CPU
		{D7B47B4A-5702-4020-AF09-47DFE98A26DF}.Release|Any CPU.Build.0 = Release|Any CPU
		{709AFC72-75A3-42D6-99C6-B57D42DDB9D7}.Debug|Any CPU.ActiveCfg = Debug|Any CPU
		{709AFC72-75A3-42D6-99C6-B57D42DDB9D7}.Debug|Any CPU.Build.0 = Debug|Any CPU
		{709AFC72-75A3-42D6-99C6-B57D42DDB9D7}.Release|Any CPU.ActiveCfg = Release|Any CPU
		{709AFC72-75A3-42D6-99C6-B57D42DDB9D7}.Release|Any CPU.Build.0 = Release|Any CPU
		{DFB8C472-A23D-45FF-AD4A-A9335D1CEF92}.Debug|Any CPU.ActiveCfg = Debug|Any CPU
		{DFB8C472-A23D-45FF-AD4A-A9335D1CEF92}.Debug|Any CPU.Build.0 = Debug|Any CPU
		{DFB8C472-A23D-45FF-AD4A-A9335D1CEF92}.Release|Any CPU.ActiveCfg = Release|Any CPU
		{DFB8C472-A23D-45FF-AD4A-A9335D1CEF92}.Release|Any CPU.Build.0 = Release|Any CPU
		{B516E5D8-D4BA-47D0-B3B4-4636BE377393}.Debug|Any CPU.ActiveCfg = Debug|Any CPU
		{B516E5D8-D4BA-47D0-B3B4-4636BE377393}.Debug|Any CPU.Build.0 = Debug|Any CPU
		{B516E5D8-D4BA-47D0-B3B4-4636BE377393}.Release|Any CPU.ActiveCfg = Release|Any CPU
		{B516E5D8-D4BA-47D0-B3B4-4636BE377393}.Release|Any CPU.Build.0 = Release|Any CPU
	EndGlobalSection
EndGlobal
